// !$*UTF8*$!
{
	archiveVersion = 1;
	classes = {
	};
	objectVersion = 46;
	objects = {

/* Begin PBXBuildFile section */
		8F60F7B019C5F24A001F4B71 /* AppDelegate.swift in Sources */ = {isa = PBXBuildFile; fileRef = 8F60F7AF19C5F24A001F4B71 /* AppDelegate.swift */; };
		8F60F7B219C5F24A001F4B71 /* ViewController.swift in Sources */ = {isa = PBXBuildFile; fileRef = 8F60F7B119C5F24A001F4B71 /* ViewController.swift */; };
		8F60F7B519C5F24A001F4B71 /* Main.storyboard in Resources */ = {isa = PBXBuildFile; fileRef = 8F60F7B319C5F24A001F4B71 /* Main.storyboard */; };
		8F60F7B719C5F24A001F4B71 /* Images.xcassets in Resources */ = {isa = PBXBuildFile; fileRef = 8F60F7B619C5F24A001F4B71 /* Images.xcassets */; };
		8F60F7BA19C5F24A001F4B71 /* LaunchScreen.xib in Resources */ = {isa = PBXBuildFile; fileRef = 8F60F7B819C5F24A001F4B71 /* LaunchScreen.xib */; };
		8F60F7C619C5F24A001F4B71 /* PostcardTests.swift in Sources */ = {isa = PBXBuildFile; fileRef = 8F60F7C519C5F24A001F4B71 /* PostcardTests.swift */; };
		8FB8F02519D7835D00960577 /* SagradaFamilia.jpeg in Resources */ = {isa = PBXBuildFile; fileRef = 8FB8F02419D7835D00960577 /* SagradaFamilia.jpeg */; };
		8FB8F02719D786DE00960577 /* AlbertEinsteinStamp.jpg in Resources */ = {isa = PBXBuildFile; fileRef = 8FB8F02619D786DE00960577 /* AlbertEinsteinStamp.jpg */; };
/* End PBXBuildFile section */

/* Begin PBXContainerItemProxy section */
		8F60F7C019C5F24A001F4B71 /* PBXContainerItemProxy */ = {
			isa = PBXContainerItemProxy;
			containerPortal = 8F60F7A219C5F24A001F4B71 /* Project object */;
			proxyType = 1;
			remoteGlobalIDString = 8F60F7A919C5F24A001F4B71;
			remoteInfo = Postcard;
		};
/* End PBXContainerItemProxy section */

/* Begin PBXFileReference section */
		8F60F7AA19C5F24A001F4B71 /* Postcard.app */ = {isa = PBXFileReference; explicitFileType = wrapper.application; includeInIndex = 0; path = Postcard.app; sourceTree = BUILT_PRODUCTS_DIR; };
		8F60F7AE19C5F24A001F4B71 /* Info.plist */ = {isa = PBXFileReference; lastKnownFileType = text.plist.xml; path = Info.plist; sourceTree = "<group>"; };
		8F60F7AF19C5F24A001F4B71 /* AppDelegate.swift */ = {isa = PBXFileReference; lastKnownFileType = sourcecode.swift; path = AppDelegate.swift; sourceTree = "<group>"; };
		8F60F7B119C5F24A001F4B71 /* ViewController.swift */ = {isa = PBXFileReference; lastKnownFileType = sourcecode.swift; path = ViewController.swift; sourceTree = "<group>"; };
		8F60F7B419C5F24A001F4B71 /* Base */ = {isa = PBXFileReference; lastKnownFileType = file.storyboard; name = Base; path = Base.lproj/Main.storyboard; sourceTree = "<group>"; };
		8F60F7B619C5F24A001F4B71 /* Images.xcassets */ = {isa = PBXFileReference; lastKnownFileType = folder.assetcatalog; path = Images.xcassets; sourceTree = "<group>"; };
		8F60F7B919C5F24A001F4B71 /* Base */ = {isa = PBXFileReference; lastKnownFileType = file.xib; name = Base; path = Base.lproj/LaunchScreen.xib; sourceTree = "<group>"; };
		8F60F7BF19C5F24A001F4B71 /* PostcardTests.xctest */ = {isa = PBXFileReference; explicitFileType = wrapper.cfbundle; includeInIndex = 0; path = PostcardTests.xctest; sourceTree = BUILT_PRODUCTS_DIR; };
		8F60F7C419C5F24A001F4B71 /* Info.plist */ = {isa = PBXFileReference; lastKnownFileType = text.plist.xml; path = Info.plist; sourceTree = "<group>"; };
		8F60F7C519C5F24A001F4B71 /* PostcardTests.swift */ = {isa = PBXFileReference; lastKnownFileType = sourcecode.swift; path = PostcardTests.swift; sourceTree = "<group>"; };
		8FB8F02419D7835D00960577 /* SagradaFamilia.jpeg */ = {isa = PBXFileReference; lastKnownFileType = image.jpeg; path = SagradaFamilia.jpeg; sourceTree = "<group>"; };
		8FB8F02619D786DE00960577 /* AlbertEinsteinStamp.jpg */ = {isa = PBXFileReference; lastKnownFileType = image.jpeg; path = AlbertEinsteinStamp.jpg; sourceTree = "<group>"; };
/* End PBXFileReference section */

/* Begin PBXFrameworksBuildPhase section */
		8F60F7A719C5F24A001F4B71 /* Frameworks */ = {
			isa = PBXFrameworksBuildPhase;
			buildActionMask = 2147483647;
			files = (
			);
			runOnlyForDeploymentPostprocessing = 0;
		};
		8F60F7BC19C5F24A001F4B71 /* Frameworks */ = {
			isa = PBXFrameworksBuildPhase;
			buildActionMask = 2147483647;
			files = (
			);
			runOnlyForDeploymentPostprocessing = 0;
		};
/* End PBXFrameworksBuildPhase section */

/* Begin PBXGroup section */
		8F60F7A119C5F24A001F4B71 = {
			isa = PBXGroup;
			children = (
				8F60F7AC19C5F24A001F4B71 /* Postcard */,
				8F60F7C219C5F24A001F4B71 /* PostcardTests */,
				8F60F7AB19C5F24A001F4B71 /* Products */,
			);
			sourceTree = "<group>";
		};
		8F60F7AB19C5F24A001F4B71 /* Products */ = {
			isa = PBXGroup;
			children = (
				8F60F7AA19C5F24A001F4B71 /* Postcard.app */,
				8F60F7BF19C5F24A001F4B71 /* PostcardTests.xctest */,
			);
			name = Products;
			sourceTree = "<group>";
		};
		8F60F7AC19C5F24A001F4B71 /* Postcard */ = {
			isa = PBXGroup;
			children = (
				8F60F7AF19C5F24A001F4B71 /* AppDelegate.swift */,
				8F60F7B119C5F24A001F4B71 /* ViewController.swift */,
				8F60F7B319C5F24A001F4B71 /* Main.storyboard */,
				8F60F7B619C5F24A001F4B71 /* Images.xcassets */,
				8F60F7B819C5F24A001F4B71 /* LaunchScreen.xib */,
				8F60F7AD19C5F24A001F4B71 /* Supporting Files */,
			);
			path = Postcard;
			sourceTree = "<group>";
		};
		8F60F7AD19C5F24A001F4B71 /* Supporting Files */ = {
			isa = PBXGroup;
			children = (
				8FB8F02619D786DE00960577 /* AlbertEinsteinStamp.jpg */,
				8FB8F02419D7835D00960577 /* SagradaFamilia.jpeg */,
				8F60F7AE19C5F24A001F4B71 /* Info.plist */,
			);
			name = "Supporting Files";
			sourceTree = "<group>";
		};
		8F60F7C219C5F24A001F4B71 /* PostcardTests */ = {
			isa = PBXGroup;
			children = (
				8F60F7C519C5F24A001F4B71 /* PostcardTests.swift */,
				8F60F7C319C5F24A001F4B71 /* Supporting Files */,
			);
			path = PostcardTests;
			sourceTree = "<group>";
		};
		8F60F7C319C5F24A001F4B71 /* Supporting Files */ = {
			isa = PBXGroup;
			children = (
				8F60F7C419C5F24A001F4B71 /* Info.plist */,
			);
			name = "Supporting Files";
			sourceTree = "<group>";
		};
/* End PBXGroup section */

/* Begin PBXNativeTarget section */
		8F60F7A919C5F24A001F4B71 /* Postcard */ = {
			isa = PBXNativeTarget;
			buildConfigurationList = 8F60F7C919C5F24A001F4B71 /* Build configuration list for PBXNativeTarget "Postcard" */;
			buildPhases = (
				8F60F7A619C5F24A001F4B71 /* Sources */,
				8F60F7A719C5F24A001F4B71 /* Frameworks */,
				8F60F7A819C5F24A001F4B71 /* Resources */,
			);
			buildRules = (
			);
			dependencies = (
			);
			name = Postcard;
			productName = Postcard;
			productReference = 8F60F7AA19C5F24A001F4B71 /* Postcard.app */;
			productType = "com.apple.product-type.application";
		};
		8F60F7BE19C5F24A001F4B71 /* PostcardTests */ = {
			isa = PBXNativeTarget;
			buildConfigurationList = 8F60F7CC19C5F24A001F4B71 /* Build configuration list for PBXNativeTarget "PostcardTests" */;
			buildPhases = (
				8F60F7BB19C5F24A001F4B71 /* Sources */,
				8F60F7BC19C5F24A001F4B71 /* Frameworks */,
				8F60F7BD19C5F24A001F4B71 /* Resources */,
			);
			buildRules = (
			);
			dependencies = (
				8F60F7C119C5F24A001F4B71 /* PBXTargetDependency */,
			);
			name = PostcardTests;
			productName = PostcardTests;
			productReference = 8F60F7BF19C5F24A001F4B71 /* PostcardTests.xctest */;
			productType = "com.apple.product-type.bundle.unit-test";
		};
/* End PBXNativeTarget section */

/* Begin PBXProject section */
		8F60F7A219C5F24A001F4B71 /* Project object */ = {
			isa = PBXProject;
			attributes = {
				LastUpgradeCheck = 0600;
				ORGANIZATIONNAME = "Chris Nager";
				TargetAttributes = {
					8F60F7A919C5F24A001F4B71 = {
						CreatedOnToolsVersion = 6.0;
					};
					8F60F7BE19C5F24A001F4B71 = {
						CreatedOnToolsVersion = 6.0;
						TestTargetID = 8F60F7A919C5F24A001F4B71;
					};
				};
			};
			buildConfigurationList = 8F60F7A519C5F24A001F4B71 /* Build configuration list for PBXProject "Postcard" */;
			compatibilityVersion = "Xcode 3.2";
			developmentRegion = English;
			hasScannedForEncodings = 0;
			knownRegions = (
				en,
				Base,
			);
			mainGroup = 8F60F7A119C5F24A001F4B71;
			productRefGroup = 8F60F7AB19C5F24A001F4B71 /* Products */;
			projectDirPath = "";
			projectRoot = "";
			targets = (
				8F60F7A919C5F24A001F4B71 /* Postcard */,
				8F60F7BE19C5F24A001F4B71 /* PostcardTests */,
			);
		};
/* End PBXProject section */

/* Begin PBXResourcesBuildPhase section */
		8F60F7A819C5F24A001F4B71 /* Resources */ = {
			isa = PBXResourcesBuildPhase;
			buildActionMask = 2147483647;
			files = (
				8F60F7B519C5F24A001F4B71 /* Main.storyboard in Resources */,
				8FB8F02519D7835D00960577 /* SagradaFamilia.jpeg in Resources */,
				8FB8F02719D786DE00960577 /* AlbertEinsteinStamp.jpg in Resources */,
				8F60F7BA19C5F24A001F4B71 /* LaunchScreen.xib in Resources */,
				8F60F7B719C5F24A001F4B71 /* Images.xcassets in Resources */,
			);
			runOnlyForDeploymentPostprocessing = 0;
		};
		8F60F7BD19C5F24A001F4B71 /* Resources */ = {
			isa = PBXResourcesBuildPhase;
			buildActionMask = 2147483647;
			files = (
			);
			runOnlyForDeploymentPostprocessing = 0;
		};
/* End PBXResourcesBuildPhase section */

/* Begin PBXSourcesBuildPhase section */
		8F60F7A619C5F24A001F4B71 /* Sources */ = {
			isa = PBXSourcesBuildPhase;
			buildActionMask = 2147483647;
			files = (
				8F60F7B219C5F24A001F4B71 /* ViewController.swift in Sources */,
				8F60F7B019C5F24A001F4B71 /* AppDelegate.swift in Sources */,
			);
			runOnlyForDeploymentPostprocessing = 0;
		};
		8F60F7BB19C5F24A001F4B71 /* Sources */ = {
			isa = PBXSourcesBuildPhase;
			buildActionMask = 2147483647;
			files = (
				8F60F7C619C5F24A001F4B71 /* PostcardTests.swift in Sources */,
			);
			runOnlyForDeploymentPostprocessing = 0;
		};
/* End PBXSourcesBuildPhase section */

/* Begin PBXTargetDependency section */
		8F60F7C119C5F24A001F4B71 /* PBXTargetDependency */ = {
			isa = PBXTargetDependency;
			target = 8F60F7A919C5F24A001F4B71 /* Postcard */;
			targetProxy = 8F60F7C019C5F24A001F4B71 /* PBXContainerItemProxy */;
		};
/* End PBXTargetDependency section */

/* Begin PBXVariantGroup section */
		8F60F7B319C5F24A001F4B71 /* Main.storyboard */ = {
			isa = PBXVariantGroup;
			children = (
				8F60F7B419C5F24A001F4B71 /* Base */,
			);
			name = Main.storyboard;
			sourceTree = "<group>";
		};
		8F60F7B819C5F24A001F4B71 /* LaunchScreen.xib */ = {
			isa = PBXVariantGroup;
			children = (
				8F60F7B919C5F24A001F4B71 /* Base */,
			);
			name = LaunchScreen.xib;
			sourceTree = "<group>";
		};
/* End PBXVariantGroup section */

/* Begin XCBuildConfiguration section */
		8F60F7C719C5F24A001F4B71 /* Debug */ = {
			isa = XCBuildConfiguration;
			buildSettings = {
				ALWAYS_SEARCH_USER_PATHS = NO;
				CLANG_CXX_LANGUAGE_STANDARD = "gnu++0x";
				CLANG_CXX_LIBRARY = "libc++";
				CLANG_ENABLE_MODULES = YES;
				CLANG_ENABLE_OBJC_ARC = YES;
				CLANG_WARN_BOOL_CONVERSION = YES;
				CLANG_WARN_CONSTANT_CONVERSION = YES;
				CLANG_WARN_DIRECT_OBJC_ISA_USAGE = YES_ERROR;
				CLANG_WARN_EMPTY_BODY = YES;
				CLANG_WARN_ENUM_CONVERSION = YES;
				CLANG_WARN_INT_CONVERSION = YES;
				CLANG_WARN_OBJC_ROOT_CLASS = YES_ERROR;
				CLANG_WARN_UNREACHABLE_CODE = YES;
				CLANG_WARN__DUPLICATE_METHOD_MATCH = YES;
				"CODE_SIGN_IDENTITY[sdk=iphoneos*]" = "iPhone Developer";
				COPY_PHASE_STRIP = NO;
				ENABLE_STRICT_OBJC_MSGSEND = YES;
				GCC_C_LANGUAGE_STANDARD = gnu99;
				GCC_DYNAMIC_NO_PIC = NO;
				GCC_OPTIMIZATION_LEVEL = 0;
				GCC_PREPROCESSOR_DEFINITIONS = (
					"DEBUG=1",
					"$(inherited)",
				);
				GCC_SYMBOLS_PRIVATE_EXTERN = NO;
				GCC_WARN_64_TO_32_BIT_CONVERSION = YES;
				GCC_WARN_ABOUT_RETURN_TYPE = YES_ERROR;
				GCC_WARN_UNDECLARED_SELECTOR = YES;
				GCC_WARN_UNINITIALIZED_AUTOS = YES_AGGRESSIVE;
				GCC_WARN_UNUSED_FUNCTION = YES;
				GCC_WARN_UNUSED_VARIABLE = YES;
				IPHONEOS_DEPLOYMENT_TARGET = 8.0;
				MTL_ENABLE_DEBUG_INFO = YES;
				ONLY_ACTIVE_ARCH = YES;
				SDKROOT = iphoneos;
				SWIFT_OPTIMIZATION_LEVEL = "-Onone";
			};
			name = Debug;
		};
		8F60F7C819C5F24A001F4B71 /* Release */ = {
			isa = XCBuildConfiguration;
			buildSettings = {
				ALWAYS_SEARCH_USER_PATHS = NO;
				CLANG_CXX_LANGUAGE_STANDARD = "gnu++0x";
				CLANG_CXX_LIBRARY = "libc++";
				CLANG_ENABLE_MODULES = YES;
				CLANG_ENABLE_OBJC_ARC = YES;
				CLANG_WARN_BOOL_CONVERSION = YES;
				CLANG_WARN_CONSTANT_CONVERSION = YES;
				CLANG_WARN_DIRECT_OBJC_ISA_USAGE = YES_ERROR;
				CLANG_WARN_EMPTY_BODY = YES;
				CLANG_WARN_ENUM_CONVERSION = YES;
				CLANG_WARN_INT_CONVERSION = YES;
				CLANG_WARN_OBJC_ROOT_CLASS = YES_ERROR;
				CLANG_WARN_UNREACHABLE_CODE = YES;
				CLANG_WARN__DUPLICATE_METHOD_MATCH = YES;
				"CODE_SIGN_IDENTITY[sdk=iphoneos*]" = "iPhone Developer";
				COPY_PHASE_STRIP = YES;
				ENABLE_NS_ASSERTIONS = NO;
				ENABLE_STRICT_OBJC_MSGSEND = YES;
				GCC_C_LANGUAGE_STANDARD = gnu99;
				GCC_WARN_64_TO_32_BIT_CONVERSION = YES;
				GCC_WARN_ABOUT_RETURN_TYPE = YES_ERROR;
				GCC_WARN_UNDECLARED_SELECTOR = YES;
				GCC_WARN_UNINITIALIZED_AUTOS = YES_AGGRESSIVE;
				GCC_WARN_UNUSED_FUNCTION = YES;
				GCC_WARN_UNUSED_VARIABLE = YES;
				IPHONEOS_DEPLOYMENT_TARGET = 8.0;
				MTL_ENABLE_DEBUG_INFO = NO;
				SDKROOT = iphoneos;
				VALIDATE_PRODUCT = YES;
			};
			name = Release;
		};
		8F60F7CA19C5F24A001F4B71 /* Debug */ = {
			isa = XCBuildConfiguration;
			buildSettings = {
				ASSETCATALOG_COMPILER_APPICON_NAME = AppIcon;
				INFOPLIST_FILE = Postcard/Info.plist;
				LD_RUNPATH_SEARCH_PATHS = "$(inherited) @executable_path/Frameworks";
				PRODUCT_NAME = "$(TARGET_NAME)";
			};
			name = Debug;
		};
		8F60F7CB19C5F24A001F4B71 /* Release */ = {
			isa = XCBuildConfiguration;
			buildSettings = {
				ASSETCATALOG_COMPILER_APPICON_NAME = AppIcon;
				INFOPLIST_FILE = Postcard/Info.plist;
				LD_RUNPATH_SEARCH_PATHS = "$(inherited) @executable_path/Frameworks";
				PRODUCT_NAME = "$(TARGET_NAME)";
			};
			name = Release;
		};
		8F60F7CD19C5F24A001F4B71 /* Debug */ = {
			isa = XCBuildConfiguration;
			buildSettings = {
				BUNDLE_LOADER = "$(TEST_HOST)";
				FRAMEWORK_SEARCH_PATHS = (
					"$(SDKROOT)/Developer/Library/Frameworks",
					"$(inherited)",
				);
				GCC_PREPROCESSOR_DEFINITIONS = (
					"DEBUG=1",
					"$(inherited)",
				);
				INFOPLIST_FILE = PostcardTests/Info.plist;
				LD_RUNPATH_SEARCH_PATHS = "$(inherited) @executable_path/Frameworks @loader_path/Frameworks";
				PRODUCT_NAME = "$(TARGET_NAME)";
				TEST_HOST = "$(BUILT_PRODUCTS_DIR)/Postcard.app/Postcard";
			};
			name = Debug;
		};
		8F60F7CE19C5F24A001F4B71 /* Release */ = {
			isa = XCBuildConfiguration;
			buildSettings = {
				BUNDLE_LOADER = "$(TEST_HOST)";
				FRAMEWORK_SEARCH_PATHS = (
					"$(SDKROOT)/Developer/Library/Frameworks",
					"$(inherited)",
				);
				INFOPLIST_FILE = PostcardTests/Info.plist;
				LD_RUNPATH_SEARCH_PATHS = "$(inherited) @executable_path/Frameworks @loader_path/Frameworks";
				PRODUCT_NAME = "$(TARGET_NAME)";
				TEST_HOST = "$(BUILT_PRODUCTS_DIR)/Postcard.app/Postcard";
			};
			name = Release;
		};
/* End XCBuildConfiguration section */

/* Begin XCConfigurationList section */
		8F60F7A519C5F24A001F4B71 /* Build configuration list for PBXProject "Postcard" */ = {
			isa = XCConfigurationList;
			buildConfigurations = (
				8F60F7C719C5F24A001F4B71 /* Debug */,
				8F60F7C819C5F24A001F4B71 /* Release */,
			);
			defaultConfigurationIsVisible = 0;
			defaultConfigurationName = Release;
		};
		8F60F7C919C5F24A001F4B71 /* Build configuration list for PBXNativeTarget "Postcard" */ = {
			isa = XCConfigurationList;
			buildConfigurations = (
				8F60F7CA19C5F24A001F4B71 /* Debug */,
				8F60F7CB19C5F24A001F4B71 /* Release */,
			);
			defaultConfigurationIsVisible = 0;
			defaultConfigurationName = Release;
		};
		8F60F7CC19C5F24A001F4B71 /* Build configuration list for PBXNativeTarget "PostcardTests" */ = {
			isa = XCConfigurationList;
			buildConfigurations = (
				8F60F7CD19C5F24A001F4B71 /* Debug */,
				8F60F7CE19C5F24A001F4B71 /* Release */,
			);
			defaultConfigurationIsVisible = 0;
			defaultConfigurationName = Release;
		};
/* End XCConfigurationList section */
	};
	rootObject = 8F60F7A219C5F24A001F4B71 /* Project object */;
}
